
Microsoft Visual Studio Solution File, Format Version 12.00
#
Project("{2150E333-8FDC-42A3-9474-1A3956D46DE8}") = "Shared", "Shared", "{ADEFAFD0-EA50-41B9-9B57-B36EF447B85A}"
EndProject
Project("{2150E333-8FDC-42A3-9474-1A3956D46DE8}") = "SharedKernel", "SharedKernel", "{8F509279-A6F9-4247-8BE1-6B4DCB666691}"
EndProject
Project("{FAE04EC0-301F-11D3-BF4B-00C04F79EFBC}") = "EduCrm.SharedKernel", "Shared\SharedKernel\EduCrm.SharedKernel\EduCrm.SharedKernel.csproj", "{28150AE1-F8DD-49BC-9D82-E50C025E9DFC}"
EndProject
Project("{2150E333-8FDC-42A3-9474-1A3956D46DE8}") = "Infrastructure", "Infrastructure", "{60CFCDF2-64E7-4D65-875F-642F44ED3FBD}"
EndProject
Project("{2150E333-8FDC-42A3-9474-1A3956D46DE8}") = "WebApi", "WebApi", "{00F72753-BB2F-4842-A8B7-8740BD754841}"
EndProject
Project("{2150E333-8FDC-42A3-9474-1A3956D46DE8}") = "Modules", "Modules", "{C297A90B-8F04-496D-BF25-0BD87DD9D832}"
EndProject
Project("{2150E333-8FDC-42A3-9474-1A3956D46DE8}") = "People", "People", "{27A81029-5ABE-499A-91A2-4B2B4C567555}"
EndProject
Project("{2150E333-8FDC-42A3-9474-1A3956D46DE8}") = "People.Domain", "People.Domain", "{C0CA8CAA-BF46-47BC-8C10-344B75B9C50B}"
EndProject
Project("{2150E333-8FDC-42A3-9474-1A3956D46DE8}") = "People.Application", "People.Application", "{8FA3ACC5-D7D2-4292-B50D-52341F1BE961}"
EndProject
Project("{2150E333-8FDC-42A3-9474-1A3956D46DE8}") = "People.Infrastructure", "People.Infrastructure", "{0F3ED5A7-2509-4CA0-84F0-D3BB8D13E996}"
EndProject
Project("{2150E333-8FDC-42A3-9474-1A3956D46DE8}") = "People.Contracts", "People.Contracts", "{014222B1-8F77-4871-AECA-AD4D86D529FF}"
EndProject
Project("{FAE04EC0-301F-11D3-BF4B-00C04F79EFBC}") = "EduCrm.ArchitectureTests", "..\tests\ArchitectureTests\EduCrm.ArchitectureTests.csproj", "{6CD74221-BE39-40F1-A197-E111CE111028}"
EndProject
Project("{2150E333-8FDC-42A3-9474-1A3956D46DE8}") = "Account", "Account", "{F2AF0F28-868F-4DF4-9E12-3D0922EEFBF4}"
EndProject
Project("{2150E333-8FDC-42A3-9474-1A3956D46DE8}") = "Account.Domain", "Account.Domain", "{BA4CE2B8-80BB-44EA-9027-D9E9FADACB65}"
EndProject
Project("{2150E333-8FDC-42A3-9474-1A3956D46DE8}") = "Account.Application", "Account.Application", "{9CE1FDD9-331F-4155-9EE9-AAED6DDF60C2}"
EndProject
Project("{2150E333-8FDC-42A3-9474-1A3956D46DE8}") = "Account.Infrastructure", "Account.Infrastructure", "{6BDAFFBC-5C09-40B8-B828-A1A90338A039}"
EndProject
Project("{FAE04EC0-301F-11D3-BF4B-00C04F79EFBC}") = "EduCrm.Modules.Account.Application", "Modules\Account\Account.Application\EduCrm.Modules.Account.Application\EduCrm.Modules.Account.Application.csproj", "{9AC03344-81E8-4235-A08F-9B05561B5C6B}"
EndProject
Project("{FAE04EC0-301F-11D3-BF4B-00C04F79EFBC}") = "EduCrm.Modules.Account.Domain", "Modules\Account\Account.Domain\EduCrm.Modules.Account.Domain\EduCrm.Modules.Account.Domain.csproj", "{162C680A-8AD7-4D85-852C-103349C5ADDC}"
EndProject
Project("{FAE04EC0-301F-11D3-BF4B-00C04F79EFBC}") = "EduCrm.Modules.Account.Infrastructure", "Modules\Account\Account.Infrastructure\EduCrm.Modules.Account.Infrastructure\EduCrm.Modules.Account.Infrastructure.csproj", "{F4340ED5-E0AF-4A79-96CE-8075A5E5171A}"
EndProject
Project("{FAE04EC0-301F-11D3-BF4B-00C04F79EFBC}") = "EduCrm.Modules.People.Application", "Modules\People\People.Application\EduCrm.Modules.People.Application\EduCrm.Modules.People.Application.csproj", "{0A98E02C-FBEF-4199-97B6-EF74C35A0EAA}"
EndProject
Project("{FAE04EC0-301F-11D3-BF4B-00C04F79EFBC}") = "EduCrm.Modules.People.Contracts", "Modules\People\People.Contracts\EduCrm.Modules.People.Contracts\EduCrm.Modules.People.Contracts.csproj", "{47209E9A-A397-4A34-952D-F9297E52C49A}"
EndProject
Project("{FAE04EC0-301F-11D3-BF4B-00C04F79EFBC}") = "EduCrm.Modules.People.Domain", "Modules\People\People.Domain\EduCrm.Modules.People.Domain\EduCrm.Modules.People.Domain.csproj", "{B51E378B-030B-4C76-B778-6518DCB344E9}"
EndProject
Project("{FAE04EC0-301F-11D3-BF4B-00C04F79EFBC}") = "EduCrm.Modules.People.Infrastructure", "Modules\People\People.Infrastructure\EduCrm.Modules.People.Infrastructure\EduCrm.Modules.People.Infrastructure.csproj", "{0150FF70-2E10-44A1-8A10-CD27FD68E531}"
EndProject
Project("{FAE04EC0-301F-11D3-BF4B-00C04F79EFBC}") = "EduCrm.Infrastructure", "Shared\Infrastructure\EduCrm.Infrastructure.csproj", "{DE1BEBA7-6C91-4F47-A476-637E13AC7FAC}"
EndProject
Project("{FAE04EC0-301F-11D3-BF4B-00C04F79EFBC}") = "EduCrm.WebApi", "Shared\WebApi\EduCrm.WebApi.csproj", "{EED1264A-9AE1-42B0-B1F7-01961022B94F}"
EndProject
Global
	GlobalSection(SolutionConfigurationPlatforms) = preSolution
		Debug|Any CPU = Debug|Any CPU
		Release|Any CPU = Release|Any CPU
	EndGlobalSection
	GlobalSection(NestedProjects) = preSolution
		{8F509279-A6F9-4247-8BE1-6B4DCB666691} = {ADEFAFD0-EA50-41B9-9B57-B36EF447B85A}
		{28150AE1-F8DD-49BC-9D82-E50C025E9DFC} = {8F509279-A6F9-4247-8BE1-6B4DCB666691}
		{60CFCDF2-64E7-4D65-875F-642F44ED3FBD} = {ADEFAFD0-EA50-41B9-9B57-B36EF447B85A}
		{00F72753-BB2F-4842-A8B7-8740BD754841} = {ADEFAFD0-EA50-41B9-9B57-B36EF447B85A}
		{27A81029-5ABE-499A-91A2-4B2B4C567555} = {C297A90B-8F04-496D-BF25-0BD87DD9D832}
		{C0CA8CAA-BF46-47BC-8C10-344B75B9C50B} = {27A81029-5ABE-499A-91A2-4B2B4C567555}
		{8FA3ACC5-D7D2-4292-B50D-52341F1BE961} = {27A81029-5ABE-499A-91A2-4B2B4C567555}
		{0F3ED5A7-2509-4CA0-84F0-D3BB8D13E996} = {27A81029-5ABE-499A-91A2-4B2B4C567555}
		{014222B1-8F77-4871-AECA-AD4D86D529FF} = {27A81029-5ABE-499A-91A2-4B2B4C567555}
		{F2AF0F28-868F-4DF4-9E12-3D0922EEFBF4} = {C297A90B-8F04-496D-BF25-0BD87DD9D832}
		{BA4CE2B8-80BB-44EA-9027-D9E9FADACB65} = {F2AF0F28-868F-4DF4-9E12-3D0922EEFBF4}
		{9CE1FDD9-331F-4155-9EE9-AAED6DDF60C2} = {F2AF0F28-868F-4DF4-9E12-3D0922EEFBF4}
		{6BDAFFBC-5C09-40B8-B828-A1A90338A039} = {F2AF0F28-868F-4DF4-9E12-3D0922EEFBF4}
		{9AC03344-81E8-4235-A08F-9B05561B5C6B} = {9CE1FDD9-331F-4155-9EE9-AAED6DDF60C2}
		{162C680A-8AD7-4D85-852C-103349C5ADDC} = {BA4CE2B8-80BB-44EA-9027-D9E9FADACB65}
		{F4340ED5-E0AF-4A79-96CE-8075A5E5171A} = {6BDAFFBC-5C09-40B8-B828-A1A90338A039}
		{0A98E02C-FBEF-4199-97B6-EF74C35A0EAA} = {8FA3ACC5-D7D2-4292-B50D-52341F1BE961}
		{47209E9A-A397-4A34-952D-F9297E52C49A} = {014222B1-8F77-4871-AECA-AD4D86D529FF}
		{B51E378B-030B-4C76-B778-6518DCB344E9} = {C0CA8CAA-BF46-47BC-8C10-344B75B9C50B}
		{0150FF70-2E10-44A1-8A10-CD27FD68E531} = {0F3ED5A7-2509-4CA0-84F0-D3BB8D13E996}
		{DE1BEBA7-6C91-4F47-A476-637E13AC7FAC} = {60CFCDF2-64E7-4D65-875F-642F44ED3FBD}
		{EED1264A-9AE1-42B0-B1F7-01961022B94F} = {00F72753-BB2F-4842-A8B7-8740BD754841}
	EndGlobalSection
	GlobalSection(ProjectConfigurationPlatforms) = postSolution
		{28150AE1-F8DD-49BC-9D82-E50C025E9DFC}.Debug|Any CPU.ActiveCfg = Debug|Any CPU
		{28150AE1-F8DD-49BC-9D82-E50C025E9DFC}.Debug|Any CPU.Build.0 = Debug|Any CPU
		{28150AE1-F8DD-49BC-9D82-E50C025E9DFC}.Release|Any CPU.ActiveCfg = Release|Any CPU
		{28150AE1-F8DD-49BC-9D82-E50C025E9DFC}.Release|Any CPU.Build.0 = Release|Any CPU
		{6CD74221-BE39-40F1-A197-E111CE111028}.Debug|Any CPU.ActiveCfg = Debug|Any CPU
		{6CD74221-BE39-40F1-A197-E111CE111028}.Debug|Any CPU.Build.0 = Debug|Any CPU
		{6CD74221-BE39-40F1-A197-E111CE111028}.Release|Any CPU.ActiveCfg = Release|Any CPU
		{6CD74221-BE39-40F1-A197-E111CE111028}.Release|Any CPU.Build.0 = Release|Any CPU
		{9AC03344-81E8-4235-A08F-9B05561B5C6B}.Debug|Any CPU.ActiveCfg = Debug|Any CPU
		{9AC03344-81E8-4235-A08F-9B05561B5C6B}.Debug|Any CPU.Build.0 = Debug|Any CPU
		{9AC03344-81E8-4235-A08F-9B05561B5C6B}.Release|Any CPU.ActiveCfg = Release|Any CPU
		{9AC03344-81E8-4235-A08F-9B05561B5C6B}.Release|Any CPU.Build.0 = Release|Any CPU
		{162C680A-8AD7-4D85-852C-103349C5ADDC}.Debug|Any CPU.ActiveCfg = Debug|Any CPU
		{162C680A-8AD7-4D85-852C-103349C5ADDC}.Debug|Any CPU.Build.0 = Debug|Any CPU
		{162C680A-8AD7-4D85-852C-103349C5ADDC}.Release|Any CPU.ActiveCfg = Release|Any CPU
		{162C680A-8AD7-4D85-852C-103349C5ADDC}.Release|Any CPU.Build.0 = Release|Any CPU
		{F4340ED5-E0AF-4A79-96CE-8075A5E5171A}.Debug|Any CPU.ActiveCfg = Debug|Any CPU
		{F4340ED5-E0AF-4A79-96CE-8075A5E5171A}.Debug|Any CPU.Build.0 = Debug|Any CPU
		{F4340ED5-E0AF-4A79-96CE-8075A5E5171A}.Release|Any CPU.ActiveCfg = Release|Any CPU
		{F4340ED5-E0AF-4A79-96CE-8075A5E5171A}.Release|Any CPU.Build.0 = Release|Any CPU
		{0A98E02C-FBEF-4199-97B6-EF74C35A0EAA}.Debug|Any CPU.ActiveCfg = Debug|Any CPU
		{0A98E02C-FBEF-4199-97B6-EF74C35A0EAA}.Debug|Any CPU.Build.0 = Debug|Any CPU
		{0A98E02C-FBEF-4199-97B6-EF74C35A0EAA}.Release|Any CPU.ActiveCfg = Release|Any CPU
		{0A98E02C-FBEF-4199-97B6-EF74C35A0EAA}.Release|Any CPU.Build.0 = Release|Any CPU
		{47209E9A-A397-4A34-952D-F9297E52C49A}.Debug|Any CPU.ActiveCfg = Debug|Any CPU
		{47209E9A-A397-4A34-952D-F9297E52C49A}.Debug|Any CPU.Build.0 = Debug|Any CPU
		{47209E9A-A397-4A34-952D-F9297E52C49A}.Release|Any CPU.ActiveCfg = Release|Any CPU
		{47209E9A-A397-4A34-952D-F9297E52C49A}.Release|Any CPU.Build.0 = Release|Any CPU
		{B51E378B-030B-4C76-B778-6518DCB344E9}.Debug|Any CPU.ActiveCfg = Debug|Any CPU
		{B51E378B-030B-4C76-B778-6518DCB344E9}.Debug|Any CPU.Build.0 = Debug|Any CPU
		{B51E378B-030B-4C76-B778-6518DCB344E9}.Release|Any CPU.ActiveCfg = Release|Any CPU
		{B51E378B-030B-4C76-B778-6518DCB344E9}.Release|Any CPU.Build.0 = Release|Any CPU
		{0150FF70-2E10-44A1-8A10-CD27FD68E531}.Debug|Any CPU.ActiveCfg = Debug|Any CPU
		{0150FF70-2E10-44A1-8A10-CD27FD68E531}.Debug|Any CPU.Build.0 = Debug|Any CPU
		{0150FF70-2E10-44A1-8A10-CD27FD68E531}.Release|Any CPU.ActiveCfg = Release|Any CPU
		{0150FF70-2E10-44A1-8A10-CD27FD68E531}.Release|Any CPU.Build.0 = Release|Any CPU
		{DE1BEBA7-6C91-4F47-A476-637E13AC7FAC}.Debug|Any CPU.ActiveCfg = Debug|Any CPU
		{DE1BEBA7-6C91-4F47-A476-637E13AC7FAC}.Debug|Any CPU.Build.0 = Debug|Any CPU
		{DE1BEBA7-6C91-4F47-A476-637E13AC7FAC}.Release|Any CPU.ActiveCfg = Release|Any CPU
		{DE1BEBA7-6C91-4F47-A476-637E13AC7FAC}.Release|Any CPU.Build.0 = Release|Any CPU
		{EED1264A-9AE1-42B0-B1F7-01961022B94F}.Debug|Any CPU.ActiveCfg = Debug|Any CPU
		{EED1264A-9AE1-42B0-B1F7-01961022B94F}.Debug|Any CPU.Build.0 = Debug|Any CPU
		{EED1264A-9AE1-42B0-B1F7-01961022B94F}.Release|Any CPU.ActiveCfg = Release|Any CPU
		{EED1264A-9AE1-42B0-B1F7-01961022B94F}.Release|Any CPU.Build.0 = Release|Any CPU
	EndGlobalSection
EndGlobal
